
Microsoft Visual Studio Solution File, Format Version 12.00
# Visual Studio Version 17
VisualStudioVersion = 17.13.35825.156 d17.13
MinimumVisualStudioVersion = 10.0.40219.1
Project("{FAE04EC0-301F-11D3-BF4B-00C04F79EFBC}") = "UpdateMathAutoCorrectEntries", "UpdateMathAutoCorrectEntries.csproj", "{994A2F70-84FC-4258-95AF-1A7B43D84621}"
EndProject
Global
	GlobalSection(SolutionConfigurationPlatforms) = preSolution
		Debug|Any CPU = Debug|Any CPU
		Release|Any CPU = Release|Any CPU
	EndGlobalSection
	GlobalSection(ProjectConfigurationPlatforms) = postSolution
		{994A2F70-84FC-4258-95AF-1A7B43D84621}.Debug|Any CPU.ActiveCfg = Debug|Any CPU
		{994A2F70-84FC-4258-95AF-1A7B43D84621}.Debug|Any CPU.Build.0 = Debug|Any CPU
		{994A2F70-84FC-4258-95AF-1A7B43D84621}.Release|Any CPU.ActiveCfg = Release|Any CPU
		{994A2F70-84FC-4258-95AF-1A7B43D84621}.Release|Any CPU.Build.0 = Release|Any CPU
	EndGlobalSection
	GlobalSection(SolutionProperties) = preSolution
		HideSolutionNode = FALSE
	EndGlobalSection
	GlobalSection(ExtensibilityGlobals) = postSolution
		SolutionGuid = {CF3FE27B-67E4-4C89-8993-A4A08F9E4844}
	EndGlobalSection
EndGlobal
